// !$*UTF8*$!
{
	archiveVersion = 1;
	classes = {
	};
	objectVersion = 56;
	objects = {

/* Begin PBXBuildFile section */
		8F6140502B9306BD001639F9 /* DateExtension.swift in Sources */ = {isa = PBXBuildFile; fileRef = 8F61404F2B9306BD001639F9 /* DateExtension.swift */; };
		8F6612E72B92E6E900DBAC20 /* SearchLocationViewController.swift in Sources */ = {isa = PBXBuildFile; fileRef = 8F6612E62B92E6E900DBAC20 /* SearchLocationViewController.swift */; };
		8F6612EB2B92EAC100DBAC20 /* SearchResponseModel.swift in Sources */ = {isa = PBXBuildFile; fileRef = 8F6612EA2B92EAC100DBAC20 /* SearchResponseModel.swift */; };
		8F6B64782B92F641009966BB /* SearchViewModel.swift in Sources */ = {isa = PBXBuildFile; fileRef = 8F6B64772B92F641009966BB /* SearchViewModel.swift */; };
		8F7960612B91AC76001D2AAB /* AppDelegate.swift in Sources */ = {isa = PBXBuildFile; fileRef = 8F7960602B91AC76001D2AAB /* AppDelegate.swift */; };
		8F7960632B91AC76001D2AAB /* SceneDelegate.swift in Sources */ = {isa = PBXBuildFile; fileRef = 8F7960622B91AC76001D2AAB /* SceneDelegate.swift */; };
		8F7960652B91AC76001D2AAB /* LandingViewController.swift in Sources */ = {isa = PBXBuildFile; fileRef = 8F7960642B91AC76001D2AAB /* LandingViewController.swift */; };
		8F7960682B91AC76001D2AAB /* Main.storyboard in Resources */ = {isa = PBXBuildFile; fileRef = 8F7960662B91AC76001D2AAB /* Main.storyboard */; };
		8F79606A2B91AC79001D2AAB /* Assets.xcassets in Resources */ = {isa = PBXBuildFile; fileRef = 8F7960692B91AC79001D2AAB /* Assets.xcassets */; };
		8F79606D2B91AC79001D2AAB /* LaunchScreen.storyboard in Resources */ = {isa = PBXBuildFile; fileRef = 8F79606B2B91AC79001D2AAB /* LaunchScreen.storyboard */; };
		8F7960762B91C752001D2AAB /* APIService.swift in Sources */ = {isa = PBXBuildFile; fileRef = 8F7960752B91C752001D2AAB /* APIService.swift */; };
		8F7960792B91C982001D2AAB /* CurrentWeatherResponseModel.swift in Sources */ = {isa = PBXBuildFile; fileRef = 8F7960782B91C982001D2AAB /* CurrentWeatherResponseModel.swift */; };
		8F79607C2B91CA6B001D2AAB /* CurrentWeatherViewModel.swift in Sources */ = {isa = PBXBuildFile; fileRef = 8F79607B2B91CA6B001D2AAB /* CurrentWeatherViewModel.swift */; };
		8F79607E2B91D59C001D2AAB /* LocationManager.swift in Sources */ = {isa = PBXBuildFile; fileRef = 8F79607D2B91D59C001D2AAB /* LocationManager.swift */; };
/* End PBXBuildFile section */

/* Begin PBXFileReference section */
		8F61404F2B9306BD001639F9 /* DateExtension.swift */ = {isa = PBXFileReference; lastKnownFileType = sourcecode.swift; path = DateExtension.swift; sourceTree = "<group>"; };
		8F6612E62B92E6E900DBAC20 /* SearchLocationViewController.swift */ = {isa = PBXFileReference; lastKnownFileType = sourcecode.swift; path = SearchLocationViewController.swift; sourceTree = "<group>"; };
		8F6612EA2B92EAC100DBAC20 /* SearchResponseModel.swift */ = {isa = PBXFileReference; lastKnownFileType = sourcecode.swift; path = SearchResponseModel.swift; sourceTree = "<group>"; };
		8F6B64772B92F641009966BB /* SearchViewModel.swift */ = {isa = PBXFileReference; lastKnownFileType = sourcecode.swift; path = SearchViewModel.swift; sourceTree = "<group>"; };
		8F79605D2B91AC76001D2AAB /* Breeze.app */ = {isa = PBXFileReference; explicitFileType = wrapper.application; includeInIndex = 0; path = Breeze.app; sourceTree = BUILT_PRODUCTS_DIR; };
		8F7960602B91AC76001D2AAB /* AppDelegate.swift */ = {isa = PBXFileReference; lastKnownFileType = sourcecode.swift; path = AppDelegate.swift; sourceTree = "<group>"; };
		8F7960622B91AC76001D2AAB /* SceneDelegate.swift */ = {isa = PBXFileReference; lastKnownFileType = sourcecode.swift; path = SceneDelegate.swift; sourceTree = "<group>"; };
		8F7960642B91AC76001D2AAB /* LandingViewController.swift */ = {isa = PBXFileReference; lastKnownFileType = sourcecode.swift; path = LandingViewController.swift; sourceTree = "<group>"; };
		8F7960672B91AC76001D2AAB /* Base */ = {isa = PBXFileReference; lastKnownFileType = file.storyboard; name = Base; path = Base.lproj/Main.storyboard; sourceTree = "<group>"; };
		8F7960692B91AC79001D2AAB /* Assets.xcassets */ = {isa = PBXFileReference; lastKnownFileType = folder.assetcatalog; path = Assets.xcassets; sourceTree = "<group>"; };
		8F79606C2B91AC79001D2AAB /* Base */ = {isa = PBXFileReference; lastKnownFileType = file.storyboard; name = Base; path = Base.lproj/LaunchScreen.storyboard; sourceTree = "<group>"; };
		8F79606E2B91AC79001D2AAB /* Info.plist */ = {isa = PBXFileReference; lastKnownFileType = text.plist.xml; path = Info.plist; sourceTree = "<group>"; };
		8F7960752B91C752001D2AAB /* APIService.swift */ = {isa = PBXFileReference; lastKnownFileType = sourcecode.swift; path = APIService.swift; sourceTree = "<group>"; };
		8F7960782B91C982001D2AAB /* CurrentWeatherResponseModel.swift */ = {isa = PBXFileReference; lastKnownFileType = sourcecode.swift; path = CurrentWeatherResponseModel.swift; sourceTree = "<group>"; };
		8F79607B2B91CA6B001D2AAB /* CurrentWeatherViewModel.swift */ = {isa = PBXFileReference; lastKnownFileType = sourcecode.swift; path = CurrentWeatherViewModel.swift; sourceTree = "<group>"; };
		8F79607D2B91D59C001D2AAB /* LocationManager.swift */ = {isa = PBXFileReference; fileEncoding = 4; lastKnownFileType = sourcecode.swift; path = LocationManager.swift; sourceTree = "<group>"; };
/* End PBXFileReference section */

/* Begin PBXFrameworksBuildPhase section */
		8F79605A2B91AC76001D2AAB /* Frameworks */ = {
			isa = PBXFrameworksBuildPhase;
			buildActionMask = 2147483647;
			files = (
			);
			runOnlyForDeploymentPostprocessing = 0;
		};
/* End PBXFrameworksBuildPhase section */

/* Begin PBXGroup section */
		8F61404E2B9306A6001639F9 /* Extensions */ = {
			isa = PBXGroup;
			children = (
				8F61404F2B9306BD001639F9 /* DateExtension.swift */,
			);
			path = Extensions;
			sourceTree = "<group>";
		};
		8F6612E82B92E7CB00DBAC20 /* Views */ = {
			isa = PBXGroup;
			children = (
				8F7960662B91AC76001D2AAB /* Main.storyboard */,
				8F6612E92B92E7D100DBAC20 /* ViewController */,
			);
			path = Views;
			sourceTree = "<group>";
		};
		8F6612E92B92E7D100DBAC20 /* ViewController */ = {
			isa = PBXGroup;
			children = (
				8F7960642B91AC76001D2AAB /* LandingViewController.swift */,
				8F6612E62B92E6E900DBAC20 /* SearchLocationViewController.swift */,
			);
			path = ViewController;
			sourceTree = "<group>";
		};
		8F7960542B91AC76001D2AAB = {
			isa = PBXGroup;
			children = (
				8F79605F2B91AC76001D2AAB /* Breeze */,
				8F79605E2B91AC76001D2AAB /* Products */,
			);
			sourceTree = "<group>";
		};
		8F79605E2B91AC76001D2AAB /* Products */ = {
			isa = PBXGroup;
			children = (
				8F79605D2B91AC76001D2AAB /* Breeze.app */,
			);
			name = Products;
			sourceTree = "<group>";
		};
		8F79605F2B91AC76001D2AAB /* Breeze */ = {
			isa = PBXGroup;
			children = (
				8F61404E2B9306A6001639F9 /* Extensions */,
				8F6612E82B92E7CB00DBAC20 /* Views */,
				8F79607A2B91CA57001D2AAB /* ViewModels */,
				8F7960772B91C96B001D2AAB /* Models */,
				8F7960742B91C73D001D2AAB /* Services */,
				8F7960602B91AC76001D2AAB /* AppDelegate.swift */,
				8F7960622B91AC76001D2AAB /* SceneDelegate.swift */,
				8F7960692B91AC79001D2AAB /* Assets.xcassets */,
				8F79606B2B91AC79001D2AAB /* LaunchScreen.storyboard */,
				8F79606E2B91AC79001D2AAB /* Info.plist */,
			);
			path = Breeze;
			sourceTree = "<group>";
		};
		8F7960742B91C73D001D2AAB /* Services */ = {
			isa = PBXGroup;
			children = (
				8F79607D2B91D59C001D2AAB /* LocationManager.swift */,
				8F7960752B91C752001D2AAB /* APIService.swift */,
			);
			path = Services;
			sourceTree = "<group>";
		};
		8F7960772B91C96B001D2AAB /* Models */ = {
			isa = PBXGroup;
			children = (
				8F7960782B91C982001D2AAB /* CurrentWeatherResponseModel.swift */,
				8F6612EA2B92EAC100DBAC20 /* SearchResponseModel.swift */,
			);
			path = Models;
			sourceTree = "<group>";
		};
		8F79607A2B91CA57001D2AAB /* ViewModels */ = {
			isa = PBXGroup;
			children = (
				8F79607B2B91CA6B001D2AAB /* CurrentWeatherViewModel.swift */,
				8F6B64772B92F641009966BB /* SearchViewModel.swift */,
			);
			path = ViewModels;
			sourceTree = "<group>";
		};
/* End PBXGroup section */

/* Begin PBXNativeTarget section */
		8F79605C2B91AC76001D2AAB /* Breeze */ = {
			isa = PBXNativeTarget;
			buildConfigurationList = 8F7960712B91AC79001D2AAB /* Build configuration list for PBXNativeTarget "Breeze" */;
			buildPhases = (
				8F7960592B91AC76001D2AAB /* Sources */,
				8F79605A2B91AC76001D2AAB /* Frameworks */,
				8F79605B2B91AC76001D2AAB /* Resources */,
			);
			buildRules = (
			);
			dependencies = (
			);
			name = Breeze;
			productName = Breeze;
			productReference = 8F79605D2B91AC76001D2AAB /* Breeze.app */;
			productType = "com.apple.product-type.application";
		};
/* End PBXNativeTarget section */

/* Begin PBXProject section */
		8F7960552B91AC76001D2AAB /* Project object */ = {
			isa = PBXProject;
			attributes = {
				BuildIndependentTargetsInParallel = 1;
				LastSwiftUpdateCheck = 1520;
				LastUpgradeCheck = 1520;
				TargetAttributes = {
					8F79605C2B91AC76001D2AAB = {
						CreatedOnToolsVersion = 15.2;
					};
				};
			};
			buildConfigurationList = 8F7960582B91AC76001D2AAB /* Build configuration list for PBXProject "Breeze" */;
			compatibilityVersion = "Xcode 14.0";
			developmentRegion = en;
			hasScannedForEncodings = 0;
			knownRegions = (
				en,
				Base,
			);
			mainGroup = 8F7960542B91AC76001D2AAB;
			productRefGroup = 8F79605E2B91AC76001D2AAB /* Products */;
			projectDirPath = "";
			projectRoot = "";
			targets = (
				8F79605C2B91AC76001D2AAB /* Breeze */,
			);
		};
/* End PBXProject section */

/* Begin PBXResourcesBuildPhase section */
		8F79605B2B91AC76001D2AAB /* Resources */ = {
			isa = PBXResourcesBuildPhase;
			buildActionMask = 2147483647;
			files = (
				8F79606D2B91AC79001D2AAB /* LaunchScreen.storyboard in Resources */,
				8F79606A2B91AC79001D2AAB /* Assets.xcassets in Resources */,
				8F7960682B91AC76001D2AAB /* Main.storyboard in Resources */,
			);
			runOnlyForDeploymentPostprocessing = 0;
		};
/* End PBXResourcesBuildPhase section */

/* Begin PBXSourcesBuildPhase section */
		8F7960592B91AC76001D2AAB /* Sources */ = {
			isa = PBXSourcesBuildPhase;
			buildActionMask = 2147483647;
			files = (
				8F7960652B91AC76001D2AAB /* LandingViewController.swift in Sources */,
				8F7960612B91AC76001D2AAB /* AppDelegate.swift in Sources */,
				8F7960762B91C752001D2AAB /* APIService.swift in Sources */,
				8F79607E2B91D59C001D2AAB /* LocationManager.swift in Sources */,
				8F7960792B91C982001D2AAB /* CurrentWeatherResponseModel.swift in Sources */,
				8F7960632B91AC76001D2AAB /* SceneDelegate.swift in Sources */,
				8F6140502B9306BD001639F9 /* DateExtension.swift in Sources */,
				8F6B64782B92F641009966BB /* SearchViewModel.swift in Sources */,
				8F6612EB2B92EAC100DBAC20 /* SearchResponseModel.swift in Sources */,
				8F79607C2B91CA6B001D2AAB /* CurrentWeatherViewModel.swift in Sources */,
				8F6612E72B92E6E900DBAC20 /* SearchLocationViewController.swift in Sources */,
			);
			runOnlyForDeploymentPostprocessing = 0;
		};
/* End PBXSourcesBuildPhase section */

/* Begin PBXVariantGroup section */
		8F7960662B91AC76001D2AAB /* Main.storyboard */ = {
			isa = PBXVariantGroup;
			children = (
				8F7960672B91AC76001D2AAB /* Base */,
			);
			name = Main.storyboard;
			sourceTree = "<group>";
		};
		8F79606B2B91AC79001D2AAB /* LaunchScreen.storyboard */ = {
			isa = PBXVariantGroup;
			children = (
				8F79606C2B91AC79001D2AAB /* Base */,
			);
			name = LaunchScreen.storyboard;
			sourceTree = "<group>";
		};
/* End PBXVariantGroup section */

/* Begin XCBuildConfiguration section */
		8F79606F2B91AC79001D2AAB /* Debug */ = {
			isa = XCBuildConfiguration;
			buildSettings = {
				ALWAYS_SEARCH_USER_PATHS = NO;
				ASSETCATALOG_COMPILER_GENERATE_SWIFT_ASSET_SYMBOL_EXTENSIONS = YES;
				CLANG_ANALYZER_NONNULL = YES;
				CLANG_ANALYZER_NUMBER_OBJECT_CONVERSION = YES_AGGRESSIVE;
				CLANG_CXX_LANGUAGE_STANDARD = "gnu++20";
				CLANG_ENABLE_MODULES = YES;
				CLANG_ENABLE_OBJC_ARC = YES;
				CLANG_ENABLE_OBJC_WEAK = YES;
				CLANG_WARN_BLOCK_CAPTURE_AUTORELEASING = YES;
				CLANG_WARN_BOOL_CONVERSION = YES;
				CLANG_WARN_COMMA = YES;
				CLANG_WARN_CONSTANT_CONVERSION = YES;
				CLANG_WARN_DEPRECATED_OBJC_IMPLEMENTATIONS = YES;
				CLANG_WARN_DIRECT_OBJC_ISA_USAGE = YES_ERROR;
				CLANG_WARN_DOCUMENTATION_COMMENTS = YES;
				CLANG_WARN_EMPTY_BODY = YES;
				CLANG_WARN_ENUM_CONVERSION = YES;
				CLANG_WARN_INFINITE_RECURSION = YES;
				CLANG_WARN_INT_CONVERSION = YES;
				CLANG_WARN_NON_LITERAL_NULL_CONVERSION = YES;
				CLANG_WARN_OBJC_IMPLICIT_RETAIN_SELF = YES;
				CLANG_WARN_OBJC_LITERAL_CONVERSION = YES;
				CLANG_WARN_OBJC_ROOT_CLASS = YES_ERROR;
				CLANG_WARN_QUOTED_INCLUDE_IN_FRAMEWORK_HEADER = YES;
				CLANG_WARN_RANGE_LOOP_ANALYSIS = YES;
				CLANG_WARN_STRICT_PROTOTYPES = YES;
				CLANG_WARN_SUSPICIOUS_MOVE = YES;
				CLANG_WARN_UNGUARDED_AVAILABILITY = YES_AGGRESSIVE;
				CLANG_WARN_UNREACHABLE_CODE = YES;
				CLANG_WARN__DUPLICATE_METHOD_MATCH = YES;
				COPY_PHASE_STRIP = NO;
				DEBUG_INFORMATION_FORMAT = dwarf;
				ENABLE_STRICT_OBJC_MSGSEND = YES;
				ENABLE_TESTABILITY = YES;
				ENABLE_USER_SCRIPT_SANDBOXING = YES;
				GCC_C_LANGUAGE_STANDARD = gnu17;
				GCC_DYNAMIC_NO_PIC = NO;
				GCC_NO_COMMON_BLOCKS = YES;
				GCC_OPTIMIZATION_LEVEL = 0;
				GCC_PREPROCESSOR_DEFINITIONS = (
					"DEBUG=1",
					"$(inherited)",
				);
				GCC_WARN_64_TO_32_BIT_CONVERSION = YES;
				GCC_WARN_ABOUT_RETURN_TYPE = YES_ERROR;
				GCC_WARN_UNDECLARED_SELECTOR = YES;
				GCC_WARN_UNINITIALIZED_AUTOS = YES_AGGRESSIVE;
				GCC_WARN_UNUSED_FUNCTION = YES;
				GCC_WARN_UNUSED_VARIABLE = YES;
				IPHONEOS_DEPLOYMENT_TARGET = 17.2;
				LOCALIZATION_PREFERS_STRING_CATALOGS = YES;
				MTL_ENABLE_DEBUG_INFO = INCLUDE_SOURCE;
				MTL_FAST_MATH = YES;
				ONLY_ACTIVE_ARCH = YES;
				SDKROOT = iphoneos;
				SWIFT_ACTIVE_COMPILATION_CONDITIONS = "DEBUG $(inherited)";
				SWIFT_OPTIMIZATION_LEVEL = "-Onone";
			};
			name = Debug;
		};
		8F7960702B91AC79001D2AAB /* Release */ = {
			isa = XCBuildConfiguration;
			buildSettings = {
				ALWAYS_SEARCH_USER_PATHS = NO;
				ASSETCATALOG_COMPILER_GENERATE_SWIFT_ASSET_SYMBOL_EXTENSIONS = YES;
				CLANG_ANALYZER_NONNULL = YES;
				CLANG_ANALYZER_NUMBER_OBJECT_CONVERSION = YES_AGGRESSIVE;
				CLANG_CXX_LANGUAGE_STANDARD = "gnu++20";
				CLANG_ENABLE_MODULES = YES;
				CLANG_ENABLE_OBJC_ARC = YES;
				CLANG_ENABLE_OBJC_WEAK = YES;
				CLANG_WARN_BLOCK_CAPTURE_AUTORELEASING = YES;
				CLANG_WARN_BOOL_CONVERSION = YES;
				CLANG_WARN_COMMA = YES;
				CLANG_WARN_CONSTANT_CONVERSION = YES;
				CLANG_WARN_DEPRECATED_OBJC_IMPLEMENTATIONS = YES;
				CLANG_WARN_DIRECT_OBJC_ISA_USAGE = YES_ERROR;
				CLANG_WARN_DOCUMENTATION_COMMENTS = YES;
				CLANG_WARN_EMPTY_BODY = YES;
				CLANG_WARN_ENUM_CONVERSION = YES;
				CLANG_WARN_INFINITE_RECURSION = YES;
				CLANG_WARN_INT_CONVERSION = YES;
				CLANG_WARN_NON_LITERAL_NULL_CONVERSION = YES;
				CLANG_WARN_OBJC_IMPLICIT_RETAIN_SELF = YES;
				CLANG_WARN_OBJC_LITERAL_CONVERSION = YES;
				CLANG_WARN_OBJC_ROOT_CLASS = YES_ERROR;
				CLANG_WARN_QUOTED_INCLUDE_IN_FRAMEWORK_HEADER = YES;
				CLANG_WARN_RANGE_LOOP_ANALYSIS = YES;
				CLANG_WARN_STRICT_PROTOTYPES = YES;
				CLANG_WARN_SUSPICIOUS_MOVE = YES;
				CLANG_WARN_UNGUARDED_AVAILABILITY = YES_AGGRESSIVE;
				CLANG_WARN_UNREACHABLE_CODE = YES;
				CLANG_WARN__DUPLICATE_METHOD_MATCH = YES;
				COPY_PHASE_STRIP = NO;
				DEBUG_INFORMATION_FORMAT = "dwarf-with-dsym";
				ENABLE_NS_ASSERTIONS = NO;
				ENABLE_STRICT_OBJC_MSGSEND = YES;
				ENABLE_USER_SCRIPT_SANDBOXING = YES;
				GCC_C_LANGUAGE_STANDARD = gnu17;
				GCC_NO_COMMON_BLOCKS = YES;
				GCC_WARN_64_TO_32_BIT_CONVERSION = YES;
				GCC_WARN_ABOUT_RETURN_TYPE = YES_ERROR;
				GCC_WARN_UNDECLARED_SELECTOR = YES;
				GCC_WARN_UNINITIALIZED_AUTOS = YES_AGGRESSIVE;
				GCC_WARN_UNUSED_FUNCTION = YES;
				GCC_WARN_UNUSED_VARIABLE = YES;
				IPHONEOS_DEPLOYMENT_TARGET = 17.2;
				LOCALIZATION_PREFERS_STRING_CATALOGS = YES;
				MTL_ENABLE_DEBUG_INFO = NO;
				MTL_FAST_MATH = YES;
				SDKROOT = iphoneos;
				SWIFT_COMPILATION_MODE = wholemodule;
				VALIDATE_PRODUCT = YES;
			};
			name = Release;
		};
		8F7960722B91AC79001D2AAB /* Debug */ = {
			isa = XCBuildConfiguration;
			buildSettings = {
				ASSETCATALOG_COMPILER_APPICON_NAME = AppIcon;
				ASSETCATALOG_COMPILER_GLOBAL_ACCENT_COLOR_NAME = AccentColor;
				CODE_SIGN_STYLE = Automatic;
				CURRENT_PROJECT_VERSION = 1;
				GENERATE_INFOPLIST_FILE = YES;
				INFOPLIST_FILE = Breeze/Info.plist;
				INFOPLIST_KEY_UIApplicationSupportsIndirectInputEvents = YES;
				INFOPLIST_KEY_UILaunchStoryboardName = LaunchScreen;
				INFOPLIST_KEY_UIMainStoryboardFile = Main;
				INFOPLIST_KEY_UISupportedInterfaceOrientations_iPad = "UIInterfaceOrientationPortrait UIInterfaceOrientationPortraitUpsideDown UIInterfaceOrientationLandscapeLeft UIInterfaceOrientationLandscapeRight";
				INFOPLIST_KEY_UISupportedInterfaceOrientations_iPhone = "UIInterfaceOrientationPortrait UIInterfaceOrientationLandscapeLeft UIInterfaceOrientationLandscapeRight";
				LD_RUNPATH_SEARCH_PATHS = (
					"$(inherited)",
					"@executable_path/Frameworks",
				);
				MARKETING_VERSION = 1.0;
				PRODUCT_BUNDLE_IDENTIFIER = com.nouraiztaimour.Breeze;
				PRODUCT_NAME = "$(TARGET_NAME)";
				SWIFT_EMIT_LOC_STRINGS = YES;
				SWIFT_VERSION = 5.0;
				TARGETED_DEVICE_FAMILY = "1,2";
			};
			name = Debug;
		};
		8F7960732B91AC79001D2AAB /* Release */ = {
			isa = XCBuildConfiguration;
			buildSettings = {
				ASSETCATALOG_COMPILER_APPICON_NAME = AppIcon;
				ASSETCATALOG_COMPILER_GLOBAL_ACCENT_COLOR_NAME = AccentColor;
				CODE_SIGN_STYLE = Automatic;
				CURRENT_PROJECT_VERSION = 1;
				GENERATE_INFOPLIST_FILE = YES;
				INFOPLIST_FILE = Breeze/Info.plist;
				INFOPLIST_KEY_UIApplicationSupportsIndirectInputEvents = YES;
				INFOPLIST_KEY_UILaunchStoryboardName = LaunchScreen;
				INFOPLIST_KEY_UIMainStoryboardFile = Main;
				INFOPLIST_KEY_UISupportedInterfaceOrientations_iPad = "UIInterfaceOrientationPortrait UIInterfaceOrientationPortraitUpsideDown UIInterfaceOrientationLandscapeLeft UIInterfaceOrientationLandscapeRight";
				INFOPLIST_KEY_UISupportedInterfaceOrientations_iPhone = "UIInterfaceOrientationPortrait UIInterfaceOrientationLandscapeLeft UIInterfaceOrientationLandscapeRight";
				LD_RUNPATH_SEARCH_PATHS = (
					"$(inherited)",
					"@executable_path/Frameworks",
				);
				MARKETING_VERSION = 1.0;
				PRODUCT_BUNDLE_IDENTIFIER = com.nouraiztaimour.Breeze;
				PRODUCT_NAME = "$(TARGET_NAME)";
				SWIFT_EMIT_LOC_STRINGS = YES;
				SWIFT_VERSION = 5.0;
				TARGETED_DEVICE_FAMILY = "1,2";
			};
			name = Release;
		};
/* End XCBuildConfiguration section */

/* Begin XCConfigurationList section */
		8F7960582B91AC76001D2AAB /* Build configuration list for PBXProject "Breeze" */ = {
			isa = XCConfigurationList;
			buildConfigurations = (
				8F79606F2B91AC79001D2AAB /* Debug */,
				8F7960702B91AC79001D2AAB /* Release */,
			);
			defaultConfigurationIsVisible = 0;
			defaultConfigurationName = Release;
		};
		8F7960712B91AC79001D2AAB /* Build configuration list for PBXNativeTarget "Breeze" */ = {
			isa = XCConfigurationList;
			buildConfigurations = (
				8F7960722B91AC79001D2AAB /* Debug */,
				8F7960732B91AC79001D2AAB /* Release */,
			);
			defaultConfigurationIsVisible = 0;
			defaultConfigurationName = Release;
		};
/* End XCConfigurationList section */
	};
	rootObject = 8F7960552B91AC76001D2AAB /* Project object */;
}
